
Microsoft Visual Studio Solution File, Format Version 12.00
# Visual Studio 15
VisualStudioVersion = 15.0.27703.2042
MinimumVisualStudioVersion = 10.0.40219.1
Project("{9A19103F-16F7-4668-BE54-9A1E7A4F7556}") = "MalikP.GitHub.LabelSynchronizer.Application", "MalikP.GitHub.LabelSynchronizer.Application\MalikP.GitHub.LabelSynchronizer.Application.csproj", "{9A373C32-1588-45BD-BA5C-AF794ECE0539}"
EndProject
Project("{9A19103F-16F7-4668-BE54-9A1E7A4F7556}") = "MalikP.GitHub.LabelSynchronizer", "MalikP.GitHub.LabelSynchronizer\MalikP.GitHub.LabelSynchronizer.csproj", "{2418B7D3-25CB-4D8A-8045-EEC6F3BAF8AD}"
EndProject
Global
	GlobalSection(SolutionConfigurationPlatforms) = preSolution
		Debug|Any CPU = Debug|Any CPU
		Release|Any CPU = Release|Any CPU
	EndGlobalSection
	GlobalSection(ProjectConfigurationPlatforms) = postSolution
		{9A373C32-1588-45BD-BA5C-AF794ECE0539}.Debug|Any CPU.ActiveCfg = Debug|Any CPU
		{9A373C32-1588-45BD-BA5C-AF794ECE0539}.Debug|Any CPU.Build.0 = Debug|Any CPU
		{9A373C32-1588-45BD-BA5C-AF794ECE0539}.Release|Any CPU.ActiveCfg = Release|Any CPU
		{9A373C32-1588-45BD-BA5C-AF794ECE0539}.Release|Any CPU.Build.0 = Release|Any CPU
		{2418B7D3-25CB-4D8A-8045-EEC6F3BAF8AD}.Debug|Any CPU.ActiveCfg = Debug|Any CPU
		{2418B7D3-25CB-4D8A-8045-EEC6F3BAF8AD}.Debug|Any CPU.Build.0 = Debug|Any CPU
		{2418B7D3-25CB-4D8A-8045-EEC6F3BAF8AD}.Release|Any CPU.ActiveCfg = Release|Any CPU
		{2418B7D3-25CB-4D8A-8045-EEC6F3BAF8AD}.Release|Any CPU.Build.0 = Release|Any CPU
	EndGlobalSection
	GlobalSection(SolutionProperties) = preSolution
		HideSolutionNode = FALSE
	EndGlobalSection
	GlobalSection(ExtensibilityGlobals) = postSolution
		SolutionGuid = {AF38D3B0-3779-4A88-BB17-B815FDC46546}
	EndGlobalSection
EndGlobal
